
Microsoft Visual Studio Solution File, Format Version 12.00
# Visual Studio Version 16
VisualStudioVersion = 16.0.32002.261
MinimumVisualStudioVersion = 10.0.40219.1
Project("{FAE04EC0-301F-11D3-BF4B-00C04F79EFBC}") = "Urvancev", "Urvancev.csproj", "{5D2CA003-02D0-4EDC-8D41-74024282CC53}"
EndProject
Global
	GlobalSection(SolutionConfigurationPlatforms) = preSolution
		Debug|Any CPU = Debug|Any CPU
		Release|Any CPU = Release|Any CPU
	EndGlobalSection
	GlobalSection(ProjectConfigurationPlatforms) = postSolution
		{5D2CA003-02D0-4EDC-8D41-74024282CC53}.Debug|Any CPU.ActiveCfg = Debug|Any CPU
		{5D2CA003-02D0-4EDC-8D41-74024282CC53}.Debug|Any CPU.Build.0 = Debug|Any CPU
		{5D2CA003-02D0-4EDC-8D41-74024282CC53}.Release|Any CPU.ActiveCfg = Release|Any CPU
		{5D2CA003-02D0-4EDC-8D41-74024282CC53}.Release|Any CPU.Build.0 = Release|Any CPU
	EndGlobalSection
	GlobalSection(SolutionProperties) = preSolution
		HideSolutionNode = FALSE
	EndGlobalSection
	GlobalSection(ExtensibilityGlobals) = postSolution
		SolutionGuid = {35F26F0A-79E1-4202-9966-0EDF9D73ADB9}
	EndGlobalSection
EndGlobal
